
Microsoft Visual Studio Solution File, Format Version 12.00
# Visual Studio Version 17
VisualStudioVersion = 17.7.34018.315
MinimumVisualStudioVersion = 10.0.40219.1
Project("{54A90642-561A-4BB1-A94E-469ADEE60C69}") = "vueapp", "vueapp\vueapp.esproj", "{E8E97B36-7964-4B8C-A5D2-348D6526040E}"
EndProject
Project("{9A19103F-16F7-4668-BE54-9A1E7A4F7556}") = "webapi", "webapi\webapi.csproj", "{23A29D93-DBE3-4BA4-B6E8-F8AB5A96695E}"
EndProject
Global
	GlobalSection(SolutionConfigurationPlatforms) = preSolution
		Debug|Any CPU = Debug|Any CPU
		Release|Any CPU = Release|Any CPU
	EndGlobalSection
	GlobalSection(ProjectConfigurationPlatforms) = postSolution
		{E8E97B36-7964-4B8C-A5D2-348D6526040E}.Debug|Any CPU.ActiveCfg = Debug|Any CPU
		{E8E97B36-7964-4B8C-A5D2-348D6526040E}.Debug|Any CPU.Build.0 = Debug|Any CPU
		{E8E97B36-7964-4B8C-A5D2-348D6526040E}.Debug|Any CPU.Deploy.0 = Debug|Any CPU
		{E8E97B36-7964-4B8C-A5D2-348D6526040E}.Release|Any CPU.ActiveCfg = Release|Any CPU
		{E8E97B36-7964-4B8C-A5D2-348D6526040E}.Release|Any CPU.Build.0 = Release|Any CPU
		{E8E97B36-7964-4B8C-A5D2-348D6526040E}.Release|Any CPU.Deploy.0 = Release|Any CPU
		{23A29D93-DBE3-4BA4-B6E8-F8AB5A96695E}.Debug|Any CPU.ActiveCfg = Debug|Any CPU
		{23A29D93-DBE3-4BA4-B6E8-F8AB5A96695E}.Debug|Any CPU.Build.0 = Debug|Any CPU
		{23A29D93-DBE3-4BA4-B6E8-F8AB5A96695E}.Release|Any CPU.ActiveCfg = Release|Any CPU
		{23A29D93-DBE3-4BA4-B6E8-F8AB5A96695E}.Release|Any CPU.Build.0 = Release|Any CPU
	EndGlobalSection
	GlobalSection(SolutionProperties) = preSolution
		HideSolutionNode = FALSE
	EndGlobalSection
	GlobalSection(ExtensibilityGlobals) = postSolution
		SolutionGuid = {2F0A22AF-5B7D-45E1-9585-C855F53D3B1D}
	EndGlobalSection
EndGlobal
